Microsoft Visual Studio Solution File, Format Version 11.00
# Visual Studio 2008

Project("{5AF71A7E-AB34-420F-FDD5-A41F6B82F5C3}") = "Lifting", "Assembly-CSharp.csproj", "{90F14B33-A21F-D96E-0927-560896C61572}"
EndProject
Global
	GlobalSection(SolutionConfigurationPlatforms) = preSolution
		Debug|Any CPU = Debug|Any CPU
		Release|Any CPU = Release|Any CPU
	EndGlobalSection
	GlobalSection(ProjectConfigurationPlatforms) = postSolution
		{90F14B33-A21F-D96E-0927-560896C61572}.Debug|Any CPU.ActiveCfg = Debug|Any CPU
		{90F14B33-A21F-D96E-0927-560896C61572}.Debug|Any CPU.Build.0 = Debug|Any CPU
		{90F14B33-A21F-D96E-0927-560896C61572}.Release|Any CPU.ActiveCfg = Release|Any CPU
		{90F14B33-A21F-D96E-0927-560896C61572}.Release|Any CPU.Build.0 = Release|Any CPU
	EndGlobalSection
	GlobalSection(SolutionProperties) = preSolution
		HideSolutionNode = FALSE
	EndGlobalSection
	GlobalSection(MonoDevelopProperties) = preSolution
		StartupItem = Assembly-CSharp.csproj
	EndGlobalSection
EndGlobal
