
Microsoft Visual Studio Solution File, Format Version 12.00
# Visual Studio 2017
Project("{FAE04EC0-301F-11D3-BF4B-00C04F79EFBC}") = "PlatformingGame.Plugins", "PlatformingGame.Plugins.csproj", "{F95F49DC-1587-5351-2C3B-FE31E5C44987}"
EndProject
Project("{FAE04EC0-301F-11D3-BF4B-00C04F79EFBC}") = "PlatformingGame", "PlatformingGame.csproj", "{4A7D70C8-54F7-2D51-6C10-E2D553382611}"
EndProject
Project("{FAE04EC0-301F-11D3-BF4B-00C04F79EFBC}") = "PlatformingGame.Editor.Plugins", "PlatformingGame.Editor.Plugins.csproj", "{FE19327E-8D31-B257-5137-B2F3F6688AB1}"
EndProject
Global
	GlobalSection(SolutionConfigurationPlatforms) = preSolution
		Debug|Any CPU = Debug|Any CPU
		Release|Any CPU = Release|Any CPU
	EndGlobalSection
	GlobalSection(ProjectConfigurationPlatforms) = postSolution
		{F95F49DC-1587-5351-2C3B-FE31E5C44987}.Debug|Any CPU.ActiveCfg = Debug|Any CPU
		{F95F49DC-1587-5351-2C3B-FE31E5C44987}.Debug|Any CPU.Build.0 = Debug|Any CPU
		{F95F49DC-1587-5351-2C3B-FE31E5C44987}.Release|Any CPU.ActiveCfg = Release|Any CPU
		{F95F49DC-1587-5351-2C3B-FE31E5C44987}.Release|Any CPU.Build.0 = Release|Any CPU
		{4A7D70C8-54F7-2D51-6C10-E2D553382611}.Debug|Any CPU.ActiveCfg = Debug|Any CPU
		{4A7D70C8-54F7-2D51-6C10-E2D553382611}.Debug|Any CPU.Build.0 = Debug|Any CPU
		{4A7D70C8-54F7-2D51-6C10-E2D553382611}.Release|Any CPU.ActiveCfg = Release|Any CPU
		{4A7D70C8-54F7-2D51-6C10-E2D553382611}.Release|Any CPU.Build.0 = Release|Any CPU
		{FE19327E-8D31-B257-5137-B2F3F6688AB1}.Debug|Any CPU.ActiveCfg = Debug|Any CPU
		{FE19327E-8D31-B257-5137-B2F3F6688AB1}.Debug|Any CPU.Build.0 = Debug|Any CPU
		{FE19327E-8D31-B257-5137-B2F3F6688AB1}.Release|Any CPU.ActiveCfg = Release|Any CPU
		{FE19327E-8D31-B257-5137-B2F3F6688AB1}.Release|Any CPU.Build.0 = Release|Any CPU
	EndGlobalSection
	GlobalSection(SolutionProperties) = preSolution
		HideSolutionNode = FALSE
	EndGlobalSection
EndGlobal
